
Microsoft Visual Studio Solution File, Format Version 12.00
# Visual Studio Version 16
VisualStudioVersion = 16.0.31005.135
MinimumVisualStudioVersion = 10.0.40219.1
Project("{9A19103F-16F7-4668-BE54-9A1E7A4F7556}") = "Business", "Business\Business.csproj", "{47AEF3A3-549B-4930-85E4-75683463A489}"
EndProject
Project("{9A19103F-16F7-4668-BE54-9A1E7A4F7556}") = "ConsoleUI", "ConsoleUI\ConsoleUI.csproj", "{3F5537C6-EBE0-4A8F-82E4-FBD12053178C}"
EndProject
Project("{9A19103F-16F7-4668-BE54-9A1E7A4F7556}") = "Core", "Core\Core.csproj", "{93510B14-B4E0-45FA-84B7-8DCC8A241E5D}"
EndProject
Project("{9A19103F-16F7-4668-BE54-9A1E7A4F7556}") = "DataAccess", "DataAccess\DataAccess.csproj", "{82A22E0F-FD74-4DDF-815C-A59CACAEEA7B}"
EndProject
Project("{9A19103F-16F7-4668-BE54-9A1E7A4F7556}") = "Entities", "Entities\Entities.csproj", "{0589D30E-4495-481B-9A0F-CE83094C36B8}"
EndProject
Project("{FAE04EC0-301F-11D3-BF4B-00C04F79EFBC}") = "WebAPI", "WebAPI\WebAPI.csproj", "{C8AE5A9C-7777-4865-9A45-4D348B493038}"
EndProject
Global
	GlobalSection(SolutionConfigurationPlatforms) = preSolution
		Debug|Any CPU = Debug|Any CPU
		Release|Any CPU = Release|Any CPU
	EndGlobalSection
	GlobalSection(ProjectConfigurationPlatforms) = postSolution
		{47AEF3A3-549B-4930-85E4-75683463A489}.Debug|Any CPU.ActiveCfg = Debug|Any CPU
		{47AEF3A3-549B-4930-85E4-75683463A489}.Debug|Any CPU.Build.0 = Debug|Any CPU
		{47AEF3A3-549B-4930-85E4-75683463A489}.Release|Any CPU.ActiveCfg = Release|Any CPU
		{47AEF3A3-549B-4930-85E4-75683463A489}.Release|Any CPU.Build.0 = Release|Any CPU
		{3F5537C6-EBE0-4A8F-82E4-FBD12053178C}.Debug|Any CPU.ActiveCfg = Debug|Any CPU
		{3F5537C6-EBE0-4A8F-82E4-FBD12053178C}.Debug|Any CPU.Build.0 = Debug|Any CPU
		{3F5537C6-EBE0-4A8F-82E4-FBD12053178C}.Release|Any CPU.ActiveCfg = Release|Any CPU
		{3F5537C6-EBE0-4A8F-82E4-FBD12053178C}.Release|Any CPU.Build.0 = Release|Any CPU
		{93510B14-B4E0-45FA-84B7-8DCC8A241E5D}.Debug|Any CPU.ActiveCfg = Debug|Any CPU
		{93510B14-B4E0-45FA-84B7-8DCC8A241E5D}.Debug|Any CPU.Build.0 = Debug|Any CPU
		{93510B14-B4E0-45FA-84B7-8DCC8A241E5D}.Release|Any CPU.ActiveCfg = Release|Any CPU
		{93510B14-B4E0-45FA-84B7-8DCC8A241E5D}.Release|Any CPU.Build.0 = Release|Any CPU
		{82A22E0F-FD74-4DDF-815C-A59CACAEEA7B}.Debug|Any CPU.ActiveCfg = Debug|Any CPU
		{82A22E0F-FD74-4DDF-815C-A59CACAEEA7B}.Debug|Any CPU.Build.0 = Debug|Any CPU
		{82A22E0F-FD74-4DDF-815C-A59CACAEEA7B}.Release|Any CPU.ActiveCfg = Release|Any CPU
		{82A22E0F-FD74-4DDF-815C-A59CACAEEA7B}.Release|Any CPU.Build.0 = Release|Any CPU
		{0589D30E-4495-481B-9A0F-CE83094C36B8}.Debug|Any CPU.ActiveCfg = Debug|Any CPU
		{0589D30E-4495-481B-9A0F-CE83094C36B8}.Debug|Any CPU.Build.0 = Debug|Any CPU
		{0589D30E-4495-481B-9A0F-CE83094C36B8}.Release|Any CPU.ActiveCfg = Release|Any CPU
		{0589D30E-4495-481B-9A0F-CE83094C36B8}.Release|Any CPU.Build.0 = Release|Any CPU
		{C8AE5A9C-7777-4865-9A45-4D348B493038}.Debug|Any CPU.ActiveCfg = Debug|Any CPU
		{C8AE5A9C-7777-4865-9A45-4D348B493038}.Debug|Any CPU.Build.0 = Debug|Any CPU
		{C8AE5A9C-7777-4865-9A45-4D348B493038}.Release|Any CPU.ActiveCfg = Release|Any CPU
		{C8AE5A9C-7777-4865-9A45-4D348B493038}.Release|Any CPU.Build.0 = Release|Any CPU
	EndGlobalSection
	GlobalSection(SolutionProperties) = preSolution
		HideSolutionNode = FALSE
	EndGlobalSection
	GlobalSection(ExtensibilityGlobals) = postSolution
		SolutionGuid = {CEFDC386-D9AE-422C-8F2C-F6999F9087F9}
	EndGlobalSection
EndGlobal
